
Microsoft Visual Studio Solution File, Format Version 12.00
# Visual Studio Version 17
VisualStudioVersion = 17.4.33213.308
MinimumVisualStudioVersion = 10.0.40219.1
Project("{FAE04EC0-301F-11D3-BF4B-00C04F79EFBC}") = "work_01", "work_01\work_01.csproj", "{89B8D430-BE33-4562-B601-8C4996FEBD2B}"
EndProject
Global
	GlobalSection(SolutionConfigurationPlatforms) = preSolution
		Debug|Any CPU = Debug|Any CPU
		Release|Any CPU = Release|Any CPU
	EndGlobalSection
	GlobalSection(ProjectConfigurationPlatforms) = postSolution
		{89B8D430-BE33-4562-B601-8C4996FEBD2B}.Debug|Any CPU.ActiveCfg = Debug|Any CPU
		{89B8D430-BE33-4562-B601-8C4996FEBD2B}.Debug|Any CPU.Build.0 = Debug|Any CPU
		{89B8D430-BE33-4562-B601-8C4996FEBD2B}.Release|Any CPU.ActiveCfg = Release|Any CPU
		{89B8D430-BE33-4562-B601-8C4996FEBD2B}.Release|Any CPU.Build.0 = Release|Any CPU
	EndGlobalSection
	GlobalSection(SolutionProperties) = preSolution
		HideSolutionNode = FALSE
	EndGlobalSection
	GlobalSection(ExtensibilityGlobals) = postSolution
		SolutionGuid = {0CC0000B-872A-4412-BD96-6BD3D9FCE40A}
	EndGlobalSection
EndGlobal
